
Microsoft Visual Studio Solution File, Format Version 12.00
# Visual Studio Version 17
VisualStudioVersion = 17.13.36105.23 d17.13
MinimumVisualStudioVersion = 10.0.40219.1
Project("{FAE04EC0-301F-11D3-BF4B-00C04F79EFBC}") = "WoW.UserService", "WoW.UserService.csproj", "{4C019A17-F82B-4785-884C-75945D590974}"
EndProject
Global
	GlobalSection(SolutionConfigurationPlatforms) = preSolution
		Debug|Any CPU = Debug|Any CPU
		Release|Any CPU = Release|Any CPU
	EndGlobalSection
	GlobalSection(ProjectConfigurationPlatforms) = postSolution
		{4C019A17-F82B-4785-884C-75945D590974}.Debug|Any CPU.ActiveCfg = Debug|Any CPU
		{4C019A17-F82B-4785-884C-75945D590974}.Debug|Any CPU.Build.0 = Debug|Any CPU
		{4C019A17-F82B-4785-884C-75945D590974}.Release|Any CPU.ActiveCfg = Release|Any CPU
		{4C019A17-F82B-4785-884C-75945D590974}.Release|Any CPU.Build.0 = Release|Any CPU
	EndGlobalSection
	GlobalSection(SolutionProperties) = preSolution
		HideSolutionNode = FALSE
	EndGlobalSection
	GlobalSection(ExtensibilityGlobals) = postSolution
		SolutionGuid = {4C2575FE-1B4A-4180-BCC0-8601BDD3206A}
	EndGlobalSection
EndGlobal
